// !$*UTF8*$!
{
	archiveVersion = 1;
	classes = {
	};
	objectVersion = 46;
	objects = {

/* Begin PBXBuildFile section */
		725483E61A33DE2000B6B8EF /* main.m in Sources */ = {isa = PBXBuildFile; fileRef = 725483E51A33DE2000B6B8EF /* main.m */; };
		725483E91A33DE2000B6B8EF /* AppDelegate.m in Sources */ = {isa = PBXBuildFile; fileRef = 725483E81A33DE2000B6B8EF /* AppDelegate.m */; };
		725483EC1A33DE2000B6B8EF /* GNZChoosePartnerViewController.m in Sources */ = {isa = PBXBuildFile; fileRef = 725483EB1A33DE2000B6B8EF /* GNZChoosePartnerViewController.m */; };
		725483EF1A33DE2000B6B8EF /* Main.storyboard in Resources */ = {isa = PBXBuildFile; fileRef = 725483ED1A33DE2000B6B8EF /* Main.storyboard */; };
		725483F11A33DE2000B6B8EF /* Images.xcassets in Resources */ = {isa = PBXBuildFile; fileRef = 725483F01A33DE2000B6B8EF /* Images.xcassets */; };
		725483F41A33DE2000B6B8EF /* LaunchScreen.xib in Resources */ = {isa = PBXBuildFile; fileRef = 725483F21A33DE2000B6B8EF /* LaunchScreen.xib */; };
		725484001A33DE2000B6B8EF /* RelationChipsTests.m in Sources */ = {isa = PBXBuildFile; fileRef = 725483FF1A33DE2000B6B8EF /* RelationChipsTests.m */; };
		7254840F1A33E96200B6B8EF /* AddressBook.framework in Frameworks */ = {isa = PBXBuildFile; fileRef = 7254840D1A33E96200B6B8EF /* AddressBook.framework */; };
		725484101A33E96200B6B8EF /* AddressBookUI.framework in Frameworks */ = {isa = PBXBuildFile; fileRef = 7254840E1A33E96200B6B8EF /* AddressBookUI.framework */; };
		725484131A34091D00B6B8EF /* GNZPrizesTableViewController.m in Sources */ = {isa = PBXBuildFile; fileRef = 725484121A34091D00B6B8EF /* GNZPrizesTableViewController.m */; };
		725484171A34923A00B6B8EF /* GNZPartner.m in Sources */ = {isa = PBXBuildFile; fileRef = 725484161A34923A00B6B8EF /* GNZPartner.m */; };
		7254841B1A34931100B6B8EF /* GNZPrize.m in Sources */ = {isa = PBXBuildFile; fileRef = 7254841A1A34931100B6B8EF /* GNZPrize.m */; };
		7254841E1A349E1300B6B8EF /* GNZPrizeManager.m in Sources */ = {isa = PBXBuildFile; fileRef = 7254841D1A349E1300B6B8EF /* GNZPrizeManager.m */; };
/* End PBXBuildFile section */

/* Begin PBXContainerItemProxy section */
		725483FA1A33DE2000B6B8EF /* PBXContainerItemProxy */ = {
			isa = PBXContainerItemProxy;
			containerPortal = 725483D81A33DE2000B6B8EF /* Project object */;
			proxyType = 1;
			remoteGlobalIDString = 725483DF1A33DE2000B6B8EF;
			remoteInfo = RelationChips;
		};
/* End PBXContainerItemProxy section */

/* Begin PBXFileReference section */
		725483E01A33DE2000B6B8EF /* RelationChips.app */ = {isa = PBXFileReference; explicitFileType = wrapper.application; includeInIndex = 0; path = RelationChips.app; sourceTree = BUILT_PRODUCTS_DIR; };
		725483E41A33DE2000B6B8EF /* Info.plist */ = {isa = PBXFileReference; lastKnownFileType = text.plist.xml; path = Info.plist; sourceTree = "<group>"; };
		725483E51A33DE2000B6B8EF /* main.m */ = {isa = PBXFileReference; lastKnownFileType = sourcecode.c.objc; path = main.m; sourceTree = "<group>"; };
		725483E71A33DE2000B6B8EF /* AppDelegate.h */ = {isa = PBXFileReference; lastKnownFileType = sourcecode.c.h; path = AppDelegate.h; sourceTree = "<group>"; };
		725483E81A33DE2000B6B8EF /* AppDelegate.m */ = {isa = PBXFileReference; lastKnownFileType = sourcecode.c.objc; path = AppDelegate.m; sourceTree = "<group>"; };
		725483EA1A33DE2000B6B8EF /* GNZChoosePartnerViewController.h */ = {isa = PBXFileReference; lastKnownFileType = sourcecode.c.h; path = GNZChoosePartnerViewController.h; sourceTree = "<group>"; };
		725483EB1A33DE2000B6B8EF /* GNZChoosePartnerViewController.m */ = {isa = PBXFileReference; lastKnownFileType = sourcecode.c.objc; path = GNZChoosePartnerViewController.m; sourceTree = "<group>"; };
		725483EE1A33DE2000B6B8EF /* Base */ = {isa = PBXFileReference; lastKnownFileType = file.storyboard; name = Base; path = Base.lproj/Main.storyboard; sourceTree = "<group>"; };
		725483F01A33DE2000B6B8EF /* Images.xcassets */ = {isa = PBXFileReference; lastKnownFileType = folder.assetcatalog; path = Images.xcassets; sourceTree = "<group>"; };
		725483F31A33DE2000B6B8EF /* Base */ = {isa = PBXFileReference; lastKnownFileType = file.xib; name = Base; path = Base.lproj/LaunchScreen.xib; sourceTree = "<group>"; };
		725483F91A33DE2000B6B8EF /* RelationChipsTests.xctest */ = {isa = PBXFileReference; explicitFileType = wrapper.cfbundle; includeInIndex = 0; path = RelationChipsTests.xctest; sourceTree = BUILT_PRODUCTS_DIR; };
		725483FE1A33DE2000B6B8EF /* Info.plist */ = {isa = PBXFileReference; lastKnownFileType = text.plist.xml; path = Info.plist; sourceTree = "<group>"; };
		725483FF1A33DE2000B6B8EF /* RelationChipsTests.m */ = {isa = PBXFileReference; lastKnownFileType = sourcecode.c.objc; path = RelationChipsTests.m; sourceTree = "<group>"; };
		7254840D1A33E96200B6B8EF /* AddressBook.framework */ = {isa = PBXFileReference; lastKnownFileType = wrapper.framework; name = AddressBook.framework; path = System/Library/Frameworks/AddressBook.framework; sourceTree = SDKROOT; };
		7254840E1A33E96200B6B8EF /* AddressBookUI.framework */ = {isa = PBXFileReference; lastKnownFileType = wrapper.framework; name = AddressBookUI.framework; path = System/Library/Frameworks/AddressBookUI.framework; sourceTree = SDKROOT; };
		725484111A34091D00B6B8EF /* GNZPrizesTableViewController.h */ = {isa = PBXFileReference; fileEncoding = 4; lastKnownFileType = sourcecode.c.h; path = GNZPrizesTableViewController.h; sourceTree = "<group>"; };
		725484121A34091D00B6B8EF /* GNZPrizesTableViewController.m */ = {isa = PBXFileReference; fileEncoding = 4; lastKnownFileType = sourcecode.c.objc; path = GNZPrizesTableViewController.m; sourceTree = "<group>"; };
		725484151A34923A00B6B8EF /* GNZPartner.h */ = {isa = PBXFileReference; fileEncoding = 4; lastKnownFileType = sourcecode.c.h; path = GNZPartner.h; sourceTree = "<group>"; };
		725484161A34923A00B6B8EF /* GNZPartner.m */ = {isa = PBXFileReference; fileEncoding = 4; lastKnownFileType = sourcecode.c.objc; path = GNZPartner.m; sourceTree = "<group>"; };
		725484191A34931100B6B8EF /* GNZPrize.h */ = {isa = PBXFileReference; fileEncoding = 4; lastKnownFileType = sourcecode.c.h; path = GNZPrize.h; sourceTree = "<group>"; };
		7254841A1A34931100B6B8EF /* GNZPrize.m */ = {isa = PBXFileReference; fileEncoding = 4; lastKnownFileType = sourcecode.c.objc; path = GNZPrize.m; sourceTree = "<group>"; };
		7254841C1A349E1300B6B8EF /* GNZPrizeManager.h */ = {isa = PBXFileReference; fileEncoding = 4; lastKnownFileType = sourcecode.c.h; path = GNZPrizeManager.h; sourceTree = "<group>"; };
		7254841D1A349E1300B6B8EF /* GNZPrizeManager.m */ = {isa = PBXFileReference; fileEncoding = 4; lastKnownFileType = sourcecode.c.objc; path = GNZPrizeManager.m; sourceTree = "<group>"; };
/* End PBXFileReference section */

/* Begin PBXFrameworksBuildPhase section */
		725483DD1A33DE2000B6B8EF /* Frameworks */ = {
			isa = PBXFrameworksBuildPhase;
			buildActionMask = 2147483647;
			files = (
				7254840F1A33E96200B6B8EF /* AddressBook.framework in Frameworks */,
				725484101A33E96200B6B8EF /* AddressBookUI.framework in Frameworks */,
			);
			runOnlyForDeploymentPostprocessing = 0;
		};
		725483F61A33DE2000B6B8EF /* Frameworks */ = {
			isa = PBXFrameworksBuildPhase;
			buildActionMask = 2147483647;
			files = (
			);
			runOnlyForDeploymentPostprocessing = 0;
		};
/* End PBXFrameworksBuildPhase section */

/* Begin PBXGroup section */
		725483D71A33DE2000B6B8EF = {
			isa = PBXGroup;
			children = (
				7254840D1A33E96200B6B8EF /* AddressBook.framework */,
				7254840E1A33E96200B6B8EF /* AddressBookUI.framework */,
				725483E21A33DE2000B6B8EF /* RelationChips */,
				725483FC1A33DE2000B6B8EF /* RelationChipsTests */,
				725483E11A33DE2000B6B8EF /* Products */,
			);
			sourceTree = "<group>";
		};
		725483E11A33DE2000B6B8EF /* Products */ = {
			isa = PBXGroup;
			children = (
				725483E01A33DE2000B6B8EF /* RelationChips.app */,
				725483F91A33DE2000B6B8EF /* RelationChipsTests.xctest */,
			);
			name = Products;
			sourceTree = "<group>";
		};
		725483E21A33DE2000B6B8EF /* RelationChips */ = {
			isa = PBXGroup;
			children = (
				725483E71A33DE2000B6B8EF /* AppDelegate.h */,
				725483E81A33DE2000B6B8EF /* AppDelegate.m */,
				725484181A34923F00B6B8EF /* Models */,
				725484141A3490D200B6B8EF /* View Controllers */,
				725483ED1A33DE2000B6B8EF /* Main.storyboard */,
				725483F01A33DE2000B6B8EF /* Images.xcassets */,
				725483F21A33DE2000B6B8EF /* LaunchScreen.xib */,
				725483E31A33DE2000B6B8EF /* Supporting Files */,
			);
			path = RelationChips;
			sourceTree = "<group>";
		};
		725483E31A33DE2000B6B8EF /* Supporting Files */ = {
			isa = PBXGroup;
			children = (
				725483E41A33DE2000B6B8EF /* Info.plist */,
				725483E51A33DE2000B6B8EF /* main.m */,
			);
			name = "Supporting Files";
			sourceTree = "<group>";
		};
		725483FC1A33DE2000B6B8EF /* RelationChipsTests */ = {
			isa = PBXGroup;
			children = (
				725483FF1A33DE2000B6B8EF /* RelationChipsTests.m */,
				725483FD1A33DE2000B6B8EF /* Supporting Files */,
			);
			path = RelationChipsTests;
			sourceTree = "<group>";
		};
		725483FD1A33DE2000B6B8EF /* Supporting Files */ = {
			isa = PBXGroup;
			children = (
				725483FE1A33DE2000B6B8EF /* Info.plist */,
			);
			name = "Supporting Files";
			sourceTree = "<group>";
		};
		725484141A3490D200B6B8EF /* View Controllers */ = {
			isa = PBXGroup;
			children = (
				725483EA1A33DE2000B6B8EF /* GNZChoosePartnerViewController.h */,
				725483EB1A33DE2000B6B8EF /* GNZChoosePartnerViewController.m */,
				725484111A34091D00B6B8EF /* GNZPrizesTableViewController.h */,
				725484121A34091D00B6B8EF /* GNZPrizesTableViewController.m */,
			);
			name = "View Controllers";
			sourceTree = "<group>";
		};
		725484181A34923F00B6B8EF /* Models */ = {
			isa = PBXGroup;
			children = (
				725484151A34923A00B6B8EF /* GNZPartner.h */,
				725484161A34923A00B6B8EF /* GNZPartner.m */,
				725484191A34931100B6B8EF /* GNZPrize.h */,
				7254841A1A34931100B6B8EF /* GNZPrize.m */,
				7254841C1A349E1300B6B8EF /* GNZPrizeManager.h */,
				7254841D1A349E1300B6B8EF /* GNZPrizeManager.m */,
			);
			name = Models;
			sourceTree = "<group>";
		};
/* End PBXGroup section */

/* Begin PBXNativeTarget section */
		725483DF1A33DE2000B6B8EF /* RelationChips */ = {
			isa = PBXNativeTarget;
			buildConfigurationList = 725484031A33DE2000B6B8EF /* Build configuration list for PBXNativeTarget "RelationChips" */;
			buildPhases = (
				725483DC1A33DE2000B6B8EF /* Sources */,
				725483DD1A33DE2000B6B8EF /* Frameworks */,
				725483DE1A33DE2000B6B8EF /* Resources */,
			);
			buildRules = (
			);
			dependencies = (
			);
			name = RelationChips;
			productName = RelationChips;
			productReference = 725483E01A33DE2000B6B8EF /* RelationChips.app */;
			productType = "com.apple.product-type.application";
		};
		725483F81A33DE2000B6B8EF /* RelationChipsTests */ = {
			isa = PBXNativeTarget;
			buildConfigurationList = 725484061A33DE2000B6B8EF /* Build configuration list for PBXNativeTarget "RelationChipsTests" */;
			buildPhases = (
				725483F51A33DE2000B6B8EF /* Sources */,
				725483F61A33DE2000B6B8EF /* Frameworks */,
				725483F71A33DE2000B6B8EF /* Resources */,
			);
			buildRules = (
			);
			dependencies = (
				725483FB1A33DE2000B6B8EF /* PBXTargetDependency */,
			);
			name = RelationChipsTests;
			productName = RelationChipsTests;
			productReference = 725483F91A33DE2000B6B8EF /* RelationChipsTests.xctest */;
			productType = "com.apple.product-type.bundle.unit-test";
		};
/* End PBXNativeTarget section */

/* Begin PBXProject section */
		725483D81A33DE2000B6B8EF /* Project object */ = {
			isa = PBXProject;
			attributes = {
				LastUpgradeCheck = 0610;
				ORGANIZATIONNAME = GNZ;
				TargetAttributes = {
					725483DF1A33DE2000B6B8EF = {
						CreatedOnToolsVersion = 6.1;
					};
					725483F81A33DE2000B6B8EF = {
						CreatedOnToolsVersion = 6.1;
						TestTargetID = 725483DF1A33DE2000B6B8EF;
					};
				};
			};
			buildConfigurationList = 725483DB1A33DE2000B6B8EF /* Build configuration list for PBXProject "RelationChips" */;
			compatibilityVersion = "Xcode 3.2";
			developmentRegion = English;
			hasScannedForEncodings = 0;
			knownRegions = (
				en,
				Base,
			);
			mainGroup = 725483D71A33DE2000B6B8EF;
			productRefGroup = 725483E11A33DE2000B6B8EF /* Products */;
			projectDirPath = "";
			projectRoot = "";
			targets = (
				725483DF1A33DE2000B6B8EF /* RelationChips */,
				725483F81A33DE2000B6B8EF /* RelationChipsTests */,
			);
		};
/* End PBXProject section */

/* Begin PBXResourcesBuildPhase section */
		725483DE1A33DE2000B6B8EF /* Resources */ = {
			isa = PBXResourcesBuildPhase;
			buildActionMask = 2147483647;
			files = (
				725483EF1A33DE2000B6B8EF /* Main.storyboard in Resources */,
				725483F41A33DE2000B6B8EF /* LaunchScreen.xib in Resources */,
				725483F11A33DE2000B6B8EF /* Images.xcassets in Resources */,
			);
			runOnlyForDeploymentPostprocessing = 0;
		};
		725483F71A33DE2000B6B8EF /* Resources */ = {
			isa = PBXResourcesBuildPhase;
			buildActionMask = 2147483647;
			files = (
			);
			runOnlyForDeploymentPostprocessing = 0;
		};
/* End PBXResourcesBuildPhase section */

/* Begin PBXSourcesBuildPhase section */
		725483DC1A33DE2000B6B8EF /* Sources */ = {
			isa = PBXSourcesBuildPhase;
			buildActionMask = 2147483647;
			files = (
				725483EC1A33DE2000B6B8EF /* GNZChoosePartnerViewController.m in Sources */,
				725483E91A33DE2000B6B8EF /* AppDelegate.m in Sources */,
				725484131A34091D00B6B8EF /* GNZPrizesTableViewController.m in Sources */,
				725484171A34923A00B6B8EF /* GNZPartner.m in Sources */,
				7254841E1A349E1300B6B8EF /* GNZPrizeManager.m in Sources */,
				7254841B1A34931100B6B8EF /* GNZPrize.m in Sources */,
				725483E61A33DE2000B6B8EF /* main.m in Sources */,
			);
			runOnlyForDeploymentPostprocessing = 0;
		};
		725483F51A33DE2000B6B8EF /* Sources */ = {
			isa = PBXSourcesBuildPhase;
			buildActionMask = 2147483647;
			files = (
				725484001A33DE2000B6B8EF /* RelationChipsTests.m in Sources */,
			);
			runOnlyForDeploymentPostprocessing = 0;
		};
/* End PBXSourcesBuildPhase section */

/* Begin PBXTargetDependency section */
		725483FB1A33DE2000B6B8EF /* PBXTargetDependency */ = {
			isa = PBXTargetDependency;
			target = 725483DF1A33DE2000B6B8EF /* RelationChips */;
			targetProxy = 725483FA1A33DE2000B6B8EF /* PBXContainerItemProxy */;
		};
/* End PBXTargetDependency section */

/* Begin PBXVariantGroup section */
		725483ED1A33DE2000B6B8EF /* Main.storyboard */ = {
			isa = PBXVariantGroup;
			children = (
				725483EE1A33DE2000B6B8EF /* Base */,
			);
			name = Main.storyboard;
			sourceTree = "<group>";
		};
		725483F21A33DE2000B6B8EF /* LaunchScreen.xib */ = {
			isa = PBXVariantGroup;
			children = (
				725483F31A33DE2000B6B8EF /* Base */,
			);
			name = LaunchScreen.xib;
			sourceTree = "<group>";
		};
/* End PBXVariantGroup section */

/* Begin XCBuildConfiguration section */
		725484011A33DE2000B6B8EF /* Debug */ = {
			isa = XCBuildConfiguration;
			buildSettings = {
				ALWAYS_SEARCH_USER_PATHS = NO;
				CLANG_CXX_LANGUAGE_STANDARD = "gnu++0x";
				CLANG_CXX_LIBRARY = "libc++";
				CLANG_ENABLE_MODULES = YES;
				CLANG_ENABLE_OBJC_ARC = YES;
				CLANG_WARN_BOOL_CONVERSION = YES;
				CLANG_WARN_CONSTANT_CONVERSION = YES;
				CLANG_WARN_DIRECT_OBJC_ISA_USAGE = YES_ERROR;
				CLANG_WARN_EMPTY_BODY = YES;
				CLANG_WARN_ENUM_CONVERSION = YES;
				CLANG_WARN_INT_CONVERSION = YES;
				CLANG_WARN_OBJC_ROOT_CLASS = YES_ERROR;
				CLANG_WARN_UNREACHABLE_CODE = YES;
				CLANG_WARN__DUPLICATE_METHOD_MATCH = YES;
				"CODE_SIGN_IDENTITY[sdk=iphoneos*]" = "iPhone Developer";
				COPY_PHASE_STRIP = NO;
				ENABLE_STRICT_OBJC_MSGSEND = YES;
				GCC_C_LANGUAGE_STANDARD = gnu99;
				GCC_DYNAMIC_NO_PIC = NO;
				GCC_OPTIMIZATION_LEVEL = 0;
				GCC_PREPROCESSOR_DEFINITIONS = (
					"DEBUG=1",
					"$(inherited)",
				);
				GCC_SYMBOLS_PRIVATE_EXTERN = NO;
				GCC_WARN_64_TO_32_BIT_CONVERSION = YES;
				GCC_WARN_ABOUT_RETURN_TYPE = YES_ERROR;
				GCC_WARN_UNDECLARED_SELECTOR = YES;
				GCC_WARN_UNINITIALIZED_AUTOS = YES_AGGRESSIVE;
				GCC_WARN_UNUSED_FUNCTION = YES;
				GCC_WARN_UNUSED_VARIABLE = YES;
				IPHONEOS_DEPLOYMENT_TARGET = 8.1;
				MTL_ENABLE_DEBUG_INFO = YES;
				ONLY_ACTIVE_ARCH = YES;
				SDKROOT = iphoneos;
			};
			name = Debug;
		};
		725484021A33DE2000B6B8EF /* Release */ = {
			isa = XCBuildConfiguration;
			buildSettings = {
				ALWAYS_SEARCH_USER_PATHS = NO;
				CLANG_CXX_LANGUAGE_STANDARD = "gnu++0x";
				CLANG_CXX_LIBRARY = "libc++";
				CLANG_ENABLE_MODULES = YES;
				CLANG_ENABLE_OBJC_ARC = YES;
				CLANG_WARN_BOOL_CONVERSION = YES;
				CLANG_WARN_CONSTANT_CONVERSION = YES;
				CLANG_WARN_DIRECT_OBJC_ISA_USAGE = YES_ERROR;
				CLANG_WARN_EMPTY_BODY = YES;
				CLANG_WARN_ENUM_CONVERSION = YES;
				CLANG_WARN_INT_CONVERSION = YES;
				CLANG_WARN_OBJC_ROOT_CLASS = YES_ERROR;
				CLANG_WARN_UNREACHABLE_CODE = YES;
				CLANG_WARN__DUPLICATE_METHOD_MATCH = YES;
				"CODE_SIGN_IDENTITY[sdk=iphoneos*]" = "iPhone Developer";
				COPY_PHASE_STRIP = YES;
				ENABLE_NS_ASSERTIONS = NO;
				ENABLE_STRICT_OBJC_MSGSEND = YES;
				GCC_C_LANGUAGE_STANDARD = gnu99;
				GCC_WARN_64_TO_32_BIT_CONVERSION = YES;
				GCC_WARN_ABOUT_RETURN_TYPE = YES_ERROR;
				GCC_WARN_UNDECLARED_SELECTOR = YES;
				GCC_WARN_UNINITIALIZED_AUTOS = YES_AGGRESSIVE;
				GCC_WARN_UNUSED_FUNCTION = YES;
				GCC_WARN_UNUSED_VARIABLE = YES;
				IPHONEOS_DEPLOYMENT_TARGET = 8.1;
				MTL_ENABLE_DEBUG_INFO = NO;
				SDKROOT = iphoneos;
				VALIDATE_PRODUCT = YES;
			};
			name = Release;
		};
		725484041A33DE2000B6B8EF /* Debug */ = {
			isa = XCBuildConfiguration;
			buildSettings = {
				ASSETCATALOG_COMPILER_APPICON_NAME = AppIcon;
				INFOPLIST_FILE = RelationChips/Info.plist;
				LD_RUNPATH_SEARCH_PATHS = "$(inherited) @executable_path/Frameworks";
				PRODUCT_NAME = "$(TARGET_NAME)";
			};
			name = Debug;
		};
		725484051A33DE2000B6B8EF /* Release */ = {
			isa = XCBuildConfiguration;
			buildSettings = {
				ASSETCATALOG_COMPILER_APPICON_NAME = AppIcon;
				INFOPLIST_FILE = RelationChips/Info.plist;
				LD_RUNPATH_SEARCH_PATHS = "$(inherited) @executable_path/Frameworks";
				PRODUCT_NAME = "$(TARGET_NAME)";
			};
			name = Release;
		};
		725484071A33DE2000B6B8EF /* Debug */ = {
			isa = XCBuildConfiguration;
			buildSettings = {
				BUNDLE_LOADER = "$(TEST_HOST)";
				FRAMEWORK_SEARCH_PATHS = (
					"$(SDKROOT)/Developer/Library/Frameworks",
					"$(inherited)",
				);
				GCC_PREPROCESSOR_DEFINITIONS = (
					"DEBUG=1",
					"$(inherited)",
				);
				INFOPLIST_FILE = RelationChipsTests/Info.plist;
				LD_RUNPATH_SEARCH_PATHS = "$(inherited) @executable_path/Frameworks @loader_path/Frameworks";
				PRODUCT_NAME = "$(TARGET_NAME)";
				TEST_HOST = "$(BUILT_PRODUCTS_DIR)/RelationChips.app/RelationChips";
			};
			name = Debug;
		};
		725484081A33DE2000B6B8EF /* Release */ = {
			isa = XCBuildConfiguration;
			buildSettings = {
				BUNDLE_LOADER = "$(TEST_HOST)";
				FRAMEWORK_SEARCH_PATHS = (
					"$(SDKROOT)/Developer/Library/Frameworks",
					"$(inherited)",
				);
				INFOPLIST_FILE = RelationChipsTests/Info.plist;
				LD_RUNPATH_SEARCH_PATHS = "$(inherited) @executable_path/Frameworks @loader_path/Frameworks";
				PRODUCT_NAME = "$(TARGET_NAME)";
				TEST_HOST = "$(BUILT_PRODUCTS_DIR)/RelationChips.app/RelationChips";
			};
			name = Release;
		};
/* End XCBuildConfiguration section */

/* Begin XCConfigurationList section */
		725483DB1A33DE2000B6B8EF /* Build configuration list for PBXProject "RelationChips" */ = {
			isa = XCConfigurationList;
			buildConfigurations = (
				725484011A33DE2000B6B8EF /* Debug */,
				725484021A33DE2000B6B8EF /* Release */,
			);
			defaultConfigurationIsVisible = 0;
			defaultConfigurationName = Release;
		};
		725484031A33DE2000B6B8EF /* Build configuration list for PBXNativeTarget "RelationChips" */ = {
			isa = XCConfigurationList;
			buildConfigurations = (
				725484041A33DE2000B6B8EF /* Debug */,
				725484051A33DE2000B6B8EF /* Release */,
			);
			defaultConfigurationIsVisible = 0;
		};
		725484061A33DE2000B6B8EF /* Build configuration list for PBXNativeTarget "RelationChipsTests" */ = {
			isa = XCConfigurationList;
			buildConfigurations = (
				725484071A33DE2000B6B8EF /* Debug */,
				725484081A33DE2000B6B8EF /* Release */,
			);
			defaultConfigurationIsVisible = 0;
		};
/* End XCConfigurationList section */
	};
	rootObject = 725483D81A33DE2000B6B8EF /* Project object */;
}
